
Microsoft Visual Studio Solution File, Format Version 12.00
# Visual Studio 15
VisualStudioVersion = 15.0.28307.168
MinimumVisualStudioVersion = 10.0.40219.1
Project("{FAE04EC0-301F-11D3-BF4B-00C04F79EFBC}") = "eTINwebAPI_2", "eTINwebAPI_2\eTINwebAPI_2.csproj", "{96CB133A-2E69-4CF0-8182-95FC5255BB47}"
EndProject
Global
	GlobalSection(SolutionConfigurationPlatforms) = preSolution
		Debug|Any CPU = Debug|Any CPU
		Release|Any CPU = Release|Any CPU
	EndGlobalSection
	GlobalSection(ProjectConfigurationPlatforms) = postSolution
		{96CB133A-2E69-4CF0-8182-95FC5255BB47}.Debug|Any CPU.ActiveCfg = Debug|Any CPU
		{96CB133A-2E69-4CF0-8182-95FC5255BB47}.Debug|Any CPU.Build.0 = Debug|Any CPU
		{96CB133A-2E69-4CF0-8182-95FC5255BB47}.Release|Any CPU.ActiveCfg = Release|Any CPU
		{96CB133A-2E69-4CF0-8182-95FC5255BB47}.Release|Any CPU.Build.0 = Release|Any CPU
	EndGlobalSection
	GlobalSection(SolutionProperties) = preSolution
		HideSolutionNode = FALSE
	EndGlobalSection
	GlobalSection(ExtensibilityGlobals) = postSolution
		SolutionGuid = {0166EA48-BABA-424D-809E-3F5E811A1DB2}
	EndGlobalSection
EndGlobal
